{
    "name": "vamtiger-bundle-typescript",
    "version": "0.0.2",
    "lockfileVersion": 1,
    "requires": true,
    "dependencies": {
        "@types/acorn": {
            "version": "4.0.3",
            "resolved": "https://registry.npmjs.org/@types/acorn/-/acorn-4.0.3.tgz",
            "integrity": "sha512-gou/kWQkGPMZjdCKNZGDpqxLm9+ErG/pFZKPX4tvCjr0Xf4FCYYX3nAsu7aDVKJV3KUe27+mvqqyWT/9VZoM/A==",
            "dev": true,
            "requires": {
                "@types/estree": "0.0.38"
            }
        },
        "@types/chai": {
            "version": "4.1.2",
            "resolved": "https://registry.npmjs.org/@types/chai/-/chai-4.1.2.tgz",
            "integrity": "sha512-D8uQwKYUw2KESkorZ27ykzXgvkDJYXVEihGklgfp5I4HUP8D6IxtcdLTMB1emjQiWzV7WZ5ihm1cxIzVwjoleQ==",
            "dev": true
        },
        "@types/chokidar": {
            "version": "1.7.5",
            "resolved": "https://registry.npmjs.org/@types/chokidar/-/chokidar-1.7.5.tgz",
            "integrity": "sha512-PDkSRY7KltW3M60hSBlerxI8SFPXsO3AL/aRVsO4Kh9IHRW74Ih75gUuTd/aE4LSSFqypb10UIX3QzOJwBQMGQ==",
            "dev": true,
            "requires": {
                "@types/events": "1.2.0",
                "@types/node": "9.4.7"
            }
        },
        "@types/estree": {
            "version": "0.0.38",
            "resolved": "https://registry.npmjs.org/@types/estree/-/estree-0.0.38.tgz",
            "integrity": "sha512-F/v7t1LwS4vnXuPooJQGBRKRGIoxWUTmA4VHfqjOccFsNDThD5bfUNpITive6s352O7o384wcpEaDV8rHCehDA==",
            "dev": true
        },
        "@types/events": {
            "version": "1.2.0",
            "resolved": "https://registry.npmjs.org/@types/events/-/events-1.2.0.tgz",
            "integrity": "sha512-KEIlhXnIutzKwRbQkGWb/I4HFqBuUykAdHgDED6xqwXJfONCjF5VoE0cXEiurh3XauygxzeDzgtXUqvLkxFzzA==",
            "dev": true
        },
        "@types/mocha": {
            "version": "2.2.48",
            "resolved": "https://registry.npmjs.org/@types/mocha/-/mocha-2.2.48.tgz",
            "integrity": "sha512-nlK/iyETgafGli8Zh9zJVCTicvU3iajSkRwOh3Hhiva598CMqNJ4NcVCGMTGKpGpTYj/9R8RLzS9NAykSSCqGw==",
            "dev": true
        },
        "@types/node": {
            "version": "9.4.7",
            "resolved": "https://registry.npmjs.org/@types/node/-/node-9.4.7.tgz",
            "integrity": "sha512-4Ba90mWNx8ddbafuyGGwjkZMigi+AWfYLSDCpovwsE63ia8w93r3oJ8PIAQc3y8U+XHcnMOHPIzNe3o438Ywcw==",
            "dev": true
        },
        "arr-diff": {
            "version": "2.0.0",
            "resolved": "https://registry.npmjs.org/arr-diff/-/arr-diff-2.0.0.tgz",
            "integrity": "sha1-jzuCf5Vai9ZpaX5KQlasPOrjVs8=",
            "requires": {
                "arr-flatten": "1.1.0"
            }
        },
        "arr-flatten": {
            "version": "1.1.0",
            "resolved": "https://registry.npmjs.org/arr-flatten/-/arr-flatten-1.1.0.tgz",
            "integrity": "sha512-L3hKV5R/p5o81R7O02IGnwpDmkp6E982XhtbuwSe3O4qOtMMMtodicASA1Cny2U+aCXcNpml+m4dPsvsJ3jatg=="
        },
        "array-unique": {
            "version": "0.2.1",
            "resolved": "https://registry.npmjs.org/array-unique/-/array-unique-0.2.1.tgz",
            "integrity": "sha1-odl8yvy8JiXMcPrc6zalDFiwGlM="
        },
        "assertion-error": {
            "version": "1.1.0",
            "resolved": "https://registry.npmjs.org/assertion-error/-/assertion-error-1.1.0.tgz",
            "integrity": "sha512-jgsaNduz+ndvGyFt3uSuWqvy4lCnIJiovtouQN5JZHOKCS2QuhEdbcQHFhVksz2N2U9hXJo8odG7ETyWlEeuDw==",
            "dev": true
        },
        "balanced-match": {
            "version": "1.0.0",
            "resolved": "https://registry.npmjs.org/balanced-match/-/balanced-match-1.0.0.tgz",
            "integrity": "sha1-ibTRmasr7kneFk6gK4nORi1xt2c="
        },
        "bluebird": {
            "version": "3.5.1",
            "resolved": "https://registry.npmjs.org/bluebird/-/bluebird-3.5.1.tgz",
            "integrity": "sha512-MKiLiV+I1AA596t9w1sQJ8jkiSr5+ZKi0WKrYGUn6d1Fx+Ij4tIj+m2WMQSGczs5jZVxV339chE8iwk6F64wjA==",
            "dev": true
        },
        "brace-expansion": {
            "version": "1.1.11",
            "resolved": "https://registry.npmjs.org/brace-expansion/-/brace-expansion-1.1.11.tgz",
            "integrity": "sha512-iCuPHDFgrHX7H2vEI/5xpz07zSHB00TpugqhmYtVmMO6518mCuRMoOYFldEBl0g187ufozdaHgWKcYFb61qGiA==",
            "requires": {
                "balanced-match": "1.0.0",
                "concat-map": "0.0.1"
            }
        },
        "braces": {
            "version": "1.8.5",
            "resolved": "https://registry.npmjs.org/braces/-/braces-1.8.5.tgz",
            "integrity": "sha1-uneWLhLf+WnWt2cR6RS3N4V79qc=",
            "requires": {
                "expand-range": "1.8.2",
                "preserve": "0.2.0",
                "repeat-element": "1.1.2"
            }
        },
        "browser-stdout": {
            "version": "1.3.1",
            "resolved": "https://registry.npmjs.org/browser-stdout/-/browser-stdout-1.3.1.tgz",
            "integrity": "sha512-qhAVI1+Av2X7qelOfAIYwXONood6XlZE/fXaBSmW/T5SzLAmCgzi+eiWE7fUvbHaeNBQH13UftjpXxsfLkMpgw==",
            "dev": true
        },
        "chai": {
            "version": "4.1.2",
            "resolved": "https://registry.npmjs.org/chai/-/chai-4.1.2.tgz",
            "integrity": "sha1-D2RYS6ZC8PKs4oBiefTwbKI61zw=",
            "dev": true,
            "requires": {
                "assertion-error": "1.1.0",
                "check-error": "1.0.2",
                "deep-eql": "3.0.1",
                "get-func-name": "2.0.0",
                "pathval": "1.1.0",
                "type-detect": "4.0.8"
            }
        },
        "check-error": {
            "version": "1.0.2",
            "resolved": "https://registry.npmjs.org/check-error/-/check-error-1.0.2.tgz",
            "integrity": "sha1-V00xLt2Iu13YkS6Sht1sCu1KrII=",
            "dev": true
        },
        "commander": {
            "version": "2.11.0",
            "resolved": "https://registry.npmjs.org/commander/-/commander-2.11.0.tgz",
            "integrity": "sha512-b0553uYA5YAEGgyYIGYROzKQ7X5RAqedkfjiZxwi0kL1g3bOaBNNZfYkzt/CL0umgD5wc9Jec2FbB98CjkMRvQ==",
            "dev": true
        },
        "compare-versions": {
            "version": "2.0.1",
            "resolved": "https://registry.npmjs.org/compare-versions/-/compare-versions-2.0.1.tgz",
            "integrity": "sha1-Htwfk2h/2XoyXFn1XkWgfbEGrKY="
        },
        "concat-map": {
            "version": "0.0.1",
            "resolved": "https://registry.npmjs.org/concat-map/-/concat-map-0.0.1.tgz",
            "integrity": "sha1-2Klr13/Wjfd5OnMDajug1UBdR3s="
        },
        "debug": {
            "version": "3.1.0",
            "resolved": "https://registry.npmjs.org/debug/-/debug-3.1.0.tgz",
            "integrity": "sha512-OX8XqP7/1a9cqkxYw2yXss15f26NKWBpDXQd0/uK/KPqdQhxbPa994hnzjcE2VqQpDslf55723cKPUOGSmMY3g==",
            "dev": true,
            "requires": {
                "ms": "2.0.0"
            }
        },
        "deep-eql": {
            "version": "3.0.1",
            "resolved": "https://registry.npmjs.org/deep-eql/-/deep-eql-3.0.1.tgz",
            "integrity": "sha512-+QeIQyN5ZuO+3Uk5DYh6/1eKO0m0YmJFGNmFHGACpf1ClL1nmlV/p4gNgbl2pJGxgXb4faqo6UE+M5ACEMyVcw==",
            "dev": true,
            "requires": {
                "type-detect": "4.0.8"
            }
        },
        "diff": {
            "version": "3.5.0",
            "resolved": "https://registry.npmjs.org/diff/-/diff-3.5.0.tgz",
            "integrity": "sha512-A46qtFgd+g7pDZinpnwiRJtxbC1hpgf0uzP3iG89scHk0AUC7A1TGxf5OiiOUv/JMZR8GOt8hL900hV0bOy5xA==",
            "dev": true
        },
        "escape-string-regexp": {
            "version": "1.0.5",
            "resolved": "https://registry.npmjs.org/escape-string-regexp/-/escape-string-regexp-1.0.5.tgz",
            "integrity": "sha1-G2HAViGQqN/2rjuyzwIAyhMLhtQ=",
            "dev": true
        },
        "estree-walker": {
            "version": "0.2.1",
            "resolved": "https://registry.npmjs.org/estree-walker/-/estree-walker-0.2.1.tgz",
            "integrity": "sha1-va/oCVOD2EFNXcLs9MkXO225QS4="
        },
        "expand-brackets": {
            "version": "0.1.5",
            "resolved": "https://registry.npmjs.org/expand-brackets/-/expand-brackets-0.1.5.tgz",
            "integrity": "sha1-3wcoTjQqgHzXM6xa9yQR5YHRF3s=",
            "requires": {
                "is-posix-bracket": "0.1.1"
            }
        },
        "expand-range": {
            "version": "1.8.2",
            "resolved": "https://registry.npmjs.org/expand-range/-/expand-range-1.8.2.tgz",
            "integrity": "sha1-opnv/TNf4nIeuujiV+x5ZE/IUzc=",
            "requires": {
                "fill-range": "2.2.3"
            }
        },
        "extglob": {
            "version": "0.3.2",
            "resolved": "https://registry.npmjs.org/extglob/-/extglob-0.3.2.tgz",
            "integrity": "sha1-Lhj/PS9JqydlzskCPwEdqo2DSaE=",
            "requires": {
                "is-extglob": "1.0.0"
            }
        },
        "filename-regex": {
            "version": "2.0.1",
            "resolved": "https://registry.npmjs.org/filename-regex/-/filename-regex-2.0.1.tgz",
            "integrity": "sha1-wcS5vuPglyXdsQa3XB4wH+LxiyY="
        },
        "fill-range": {
            "version": "2.2.3",
            "resolved": "https://registry.npmjs.org/fill-range/-/fill-range-2.2.3.tgz",
            "integrity": "sha1-ULd9/X5Gm8dJJHCWNpn+eoSFpyM=",
            "requires": {
                "is-number": "2.1.0",
                "isobject": "2.1.0",
                "randomatic": "1.1.7",
                "repeat-element": "1.1.2",
                "repeat-string": "1.6.1"
            }
        },
        "for-in": {
            "version": "1.0.2",
            "resolved": "https://registry.npmjs.org/for-in/-/for-in-1.0.2.tgz",
            "integrity": "sha1-gQaNKVqBQuwKxybG4iAMMPttXoA="
        },
        "for-own": {
            "version": "0.1.5",
            "resolved": "https://registry.npmjs.org/for-own/-/for-own-0.1.5.tgz",
            "integrity": "sha1-UmXGgaTylNq78XyVCbZ2OqhFEM4=",
            "requires": {
                "for-in": "1.0.2"
            }
        },
        "fs-extra": {
            "version": "5.0.0",
            "resolved": "https://registry.npmjs.org/fs-extra/-/fs-extra-5.0.0.tgz",
            "integrity": "sha512-66Pm4RYbjzdyeuqudYqhFiNBbCIuI9kgRqLPSHIlXHidW8NIQtVdkM1yeZ4lXwuhbTETv3EUGMNHAAw6hiundQ==",
            "requires": {
                "graceful-fs": "4.1.11",
                "jsonfile": "4.0.0",
                "universalify": "0.1.1"
            }
        },
        "fs.realpath": {
            "version": "1.0.0",
            "resolved": "https://registry.npmjs.org/fs.realpath/-/fs.realpath-1.0.0.tgz",
            "integrity": "sha1-FQStJSMVjKpA20onh8sBQRmU6k8=",
            "dev": true
        },
        "get-func-name": {
            "version": "2.0.0",
            "resolved": "https://registry.npmjs.org/get-func-name/-/get-func-name-2.0.0.tgz",
            "integrity": "sha1-6td0q+5y4gQJQzoGY2YCPdaIekE=",
            "dev": true
        },
        "glob": {
            "version": "7.1.2",
            "resolved": "https://registry.npmjs.org/glob/-/glob-7.1.2.tgz",
            "integrity": "sha512-MJTUg1kjuLeQCJ+ccE4Vpa6kKVXkPYJ2mOCQyUuKLcLQsdrMCpBPUi8qVE6+YuaJkozeA9NusTAw3hLr8Xe5EQ==",
            "dev": true,
            "requires": {
                "fs.realpath": "1.0.0",
                "inflight": "1.0.6",
                "inherits": "2.0.3",
                "minimatch": "3.0.4",
                "once": "1.4.0",
                "path-is-absolute": "1.0.1"
            }
        },
        "glob-base": {
            "version": "0.3.0",
            "resolved": "https://registry.npmjs.org/glob-base/-/glob-base-0.3.0.tgz",
            "integrity": "sha1-27Fk9iIbHAscz4Kuoyi0l98Oo8Q=",
            "requires": {
                "glob-parent": "2.0.0",
                "is-glob": "2.0.1"
            }
        },
        "glob-parent": {
            "version": "2.0.0",
            "resolved": "https://registry.npmjs.org/glob-parent/-/glob-parent-2.0.0.tgz",
            "integrity": "sha1-gTg9ctsFT8zPUzbaqQLxgvbtuyg=",
            "requires": {
                "is-glob": "2.0.1"
            }
        },
        "graceful-fs": {
            "version": "4.1.11",
            "resolved": "https://registry.npmjs.org/graceful-fs/-/graceful-fs-4.1.11.tgz",
            "integrity": "sha1-Dovf5NHduIVNZOBOp8AOKgJuVlg="
        },
        "growl": {
            "version": "1.10.3",
            "resolved": "https://registry.npmjs.org/growl/-/growl-1.10.3.tgz",
            "integrity": "sha512-hKlsbA5Vu3xsh1Cg3J7jSmX/WaW6A5oBeqzM88oNbCRQFz+zUaXm6yxS4RVytp1scBoJzSYl4YAEOQIt6O8V1Q==",
            "dev": true
        },
        "has-flag": {
            "version": "2.0.0",
            "resolved": "https://registry.npmjs.org/has-flag/-/has-flag-2.0.0.tgz",
            "integrity": "sha1-6CB68cx7MNRGzHC3NLXovhj4jVE=",
            "dev": true
        },
        "he": {
            "version": "1.1.1",
            "resolved": "https://registry.npmjs.org/he/-/he-1.1.1.tgz",
            "integrity": "sha1-k0EP0hsAlzUVH4howvJx80J+I/0=",
            "dev": true
        },
        "inflight": {
            "version": "1.0.6",
            "resolved": "https://registry.npmjs.org/inflight/-/inflight-1.0.6.tgz",
            "integrity": "sha1-Sb1jMdfQLQwJvJEKEHW6gWW1bfk=",
            "dev": true,
            "requires": {
                "once": "1.4.0",
                "wrappy": "1.0.2"
            }
        },
        "inherits": {
            "version": "2.0.3",
            "resolved": "https://registry.npmjs.org/inherits/-/inherits-2.0.3.tgz",
            "integrity": "sha1-Yzwsg+PaQqUC9SRmAiSA9CCCYd4=",
            "dev": true
        },
        "is-buffer": {
            "version": "1.1.6",
            "resolved": "https://registry.npmjs.org/is-buffer/-/is-buffer-1.1.6.tgz",
            "integrity": "sha512-NcdALwpXkTm5Zvvbk7owOUSvVvBKDgKP5/ewfXEznmQFfs4ZRmanOeKBTjRVjka3QFoN6XJ+9F3USqfHqTaU5w=="
        },
        "is-dotfile": {
            "version": "1.0.3",
            "resolved": "https://registry.npmjs.org/is-dotfile/-/is-dotfile-1.0.3.tgz",
            "integrity": "sha1-pqLzL/0t+wT1yiXs0Pa4PPeYoeE="
        },
        "is-equal-shallow": {
            "version": "0.1.3",
            "resolved": "https://registry.npmjs.org/is-equal-shallow/-/is-equal-shallow-0.1.3.tgz",
            "integrity": "sha1-IjgJj8Ih3gvPpdnqxMRdY4qhxTQ=",
            "requires": {
                "is-primitive": "2.0.0"
            }
        },
        "is-extendable": {
            "version": "0.1.1",
            "resolved": "https://registry.npmjs.org/is-extendable/-/is-extendable-0.1.1.tgz",
            "integrity": "sha1-YrEQ4omkcUGOPsNqYX1HLjAd/Ik="
        },
        "is-extglob": {
            "version": "1.0.0",
            "resolved": "https://registry.npmjs.org/is-extglob/-/is-extglob-1.0.0.tgz",
            "integrity": "sha1-rEaBd8SUNAWgkvyPKXYMb/xiBsA="
        },
        "is-glob": {
            "version": "2.0.1",
            "resolved": "https://registry.npmjs.org/is-glob/-/is-glob-2.0.1.tgz",
            "integrity": "sha1-0Jb5JqPe1WAPP9/ZEZjLCIjC2GM=",
            "requires": {
                "is-extglob": "1.0.0"
            }
        },
        "is-number": {
            "version": "2.1.0",
            "resolved": "https://registry.npmjs.org/is-number/-/is-number-2.1.0.tgz",
            "integrity": "sha1-Afy7s5NGOlSPL0ZszhbezknbkI8=",
            "requires": {
                "kind-of": "3.2.2"
            }
        },
        "is-posix-bracket": {
            "version": "0.1.1",
            "resolved": "https://registry.npmjs.org/is-posix-bracket/-/is-posix-bracket-0.1.1.tgz",
            "integrity": "sha1-MzTceXdDaOkvAW5vvAqI9c1ua8Q="
        },
        "is-primitive": {
            "version": "2.0.0",
            "resolved": "https://registry.npmjs.org/is-primitive/-/is-primitive-2.0.0.tgz",
            "integrity": "sha1-IHurkWOEmcB7Kt8kCkGochADRXU="
        },
        "isarray": {
            "version": "1.0.0",
            "resolved": "https://registry.npmjs.org/isarray/-/isarray-1.0.0.tgz",
            "integrity": "sha1-u5NdSFgsuhaMBoNJV6VKPgcSTxE="
        },
        "isobject": {
            "version": "2.1.0",
            "resolved": "https://registry.npmjs.org/isobject/-/isobject-2.1.0.tgz",
            "integrity": "sha1-8GVWEJaj8dou9GJy+BXIQNh+DIk=",
            "requires": {
                "isarray": "1.0.0"
            }
        },
        "jsonfile": {
            "version": "4.0.0",
            "resolved": "https://registry.npmjs.org/jsonfile/-/jsonfile-4.0.0.tgz",
            "integrity": "sha1-h3Gq4HmbZAdrdmQPygWPnBDjPss=",
            "requires": {
                "graceful-fs": "4.1.11"
            }
        },
        "kind-of": {
            "version": "3.2.2",
            "resolved": "https://registry.npmjs.org/kind-of/-/kind-of-3.2.2.tgz",
            "integrity": "sha1-MeohpzS6ubuw8yRm2JOupR5KPGQ=",
            "requires": {
                "is-buffer": "1.1.6"
            }
        },
        "magic-string": {
            "version": "0.22.4",
            "resolved": "https://registry.npmjs.org/magic-string/-/magic-string-0.22.4.tgz",
            "integrity": "sha512-kxBL06p6iO2qPBHsqGK2b3cRwiRGpnmSuVWNhwHcMX7qJOUr1HvricYP1LZOCdkQBUp0jiWg2d6WJwR3vYgByw==",
            "dev": true,
            "requires": {
                "vlq": "0.2.3"
            }
        },
        "micromatch": {
            "version": "2.3.11",
            "resolved": "https://registry.npmjs.org/micromatch/-/micromatch-2.3.11.tgz",
            "integrity": "sha1-hmd8l9FyCzY0MdBNDRUpO9OMFWU=",
            "requires": {
                "arr-diff": "2.0.0",
                "array-unique": "0.2.1",
                "braces": "1.8.5",
                "expand-brackets": "0.1.5",
                "extglob": "0.3.2",
                "filename-regex": "2.0.1",
                "is-extglob": "1.0.0",
                "is-glob": "2.0.1",
                "kind-of": "3.2.2",
                "normalize-path": "2.1.1",
                "object.omit": "2.0.1",
                "parse-glob": "3.0.4",
                "regex-cache": "0.4.4"
            }
        },
        "minimatch": {
            "version": "3.0.4",
            "resolved": "https://registry.npmjs.org/minimatch/-/minimatch-3.0.4.tgz",
            "integrity": "sha512-yJHVQEhyqPLUTgt9B83PXu6W3rx4MvvHvSUvToogpwoGDOUQ+yDrR0HRot+yOCdCO7u4hX3pWft6kWBBcqh0UA==",
            "requires": {
                "brace-expansion": "1.1.11"
            }
        },
        "minimist": {
            "version": "0.0.8",
            "resolved": "https://registry.npmjs.org/minimist/-/minimist-0.0.8.tgz",
            "integrity": "sha1-hX/Kv8M5fSYluCKCYuhqp6ARsF0=",
            "dev": true
        },
        "mkdirp": {
            "version": "0.5.1",
            "resolved": "https://registry.npmjs.org/mkdirp/-/mkdirp-0.5.1.tgz",
            "integrity": "sha1-MAV0OOrGz3+MR2fzhkjWaX11yQM=",
            "dev": true,
            "requires": {
                "minimist": "0.0.8"
            }
        },
        "mocha": {
            "version": "5.0.4",
            "resolved": "https://registry.npmjs.org/mocha/-/mocha-5.0.4.tgz",
            "integrity": "sha512-nMOpAPFosU1B4Ix1jdhx5e3q7XO55ic5a8cgYvW27CequcEY+BabS0kUVL1Cw1V5PuVHZWeNRWFLmEPexo79VA==",
            "dev": true,
            "requires": {
                "browser-stdout": "1.3.1",
                "commander": "2.11.0",
                "debug": "3.1.0",
                "diff": "3.5.0",
                "escape-string-regexp": "1.0.5",
                "glob": "7.1.2",
                "growl": "1.10.3",
                "he": "1.1.1",
                "mkdirp": "0.5.1",
                "supports-color": "4.4.0"
            }
        },
        "ms": {
            "version": "2.0.0",
            "resolved": "https://registry.npmjs.org/ms/-/ms-2.0.0.tgz",
            "integrity": "sha1-VgiurfwAvmwpAd9fmGF4jeDVl8g=",
            "dev": true
        },
        "normalize-path": {
            "version": "2.1.1",
            "resolved": "https://registry.npmjs.org/normalize-path/-/normalize-path-2.1.1.tgz",
            "integrity": "sha1-GrKLVW4Zg2Oowab35vogE3/mrtk=",
            "requires": {
                "remove-trailing-separator": "1.1.0"
            }
        },
        "object-assign": {
            "version": "4.1.1",
            "resolved": "https://registry.npmjs.org/object-assign/-/object-assign-4.1.1.tgz",
            "integrity": "sha1-IQmtx5ZYh8/AXLvUQsrIv7s2CGM="
        },
        "object.omit": {
            "version": "2.0.1",
            "resolved": "https://registry.npmjs.org/object.omit/-/object.omit-2.0.1.tgz",
            "integrity": "sha1-Gpx0SCnznbuFjHbKNXmuKlTr0fo=",
            "requires": {
                "for-own": "0.1.5",
                "is-extendable": "0.1.1"
            }
        },
        "once": {
            "version": "1.4.0",
            "resolved": "https://registry.npmjs.org/once/-/once-1.4.0.tgz",
            "integrity": "sha1-WDsap3WWHUsROsF9nFC6753Xa9E=",
            "dev": true,
            "requires": {
                "wrappy": "1.0.2"
            }
        },
        "parse-glob": {
            "version": "3.0.4",
            "resolved": "https://registry.npmjs.org/parse-glob/-/parse-glob-3.0.4.tgz",
            "integrity": "sha1-ssN2z7EfNVE7rdFz7wu246OIORw=",
            "requires": {
                "glob-base": "0.3.0",
                "is-dotfile": "1.0.3",
                "is-extglob": "1.0.0",
                "is-glob": "2.0.1"
            }
        },
        "path-is-absolute": {
            "version": "1.0.1",
            "resolved": "https://registry.npmjs.org/path-is-absolute/-/path-is-absolute-1.0.1.tgz",
            "integrity": "sha1-F0uSaHNVNP+8es5r9TpanhtcX18=",
            "dev": true
        },
        "path-parse": {
            "version": "1.0.5",
            "resolved": "https://registry.npmjs.org/path-parse/-/path-parse-1.0.5.tgz",
            "integrity": "sha1-PBrfhx6pzWyUMbbqK9dKD/BVxME="
        },
        "pathval": {
            "version": "1.1.0",
            "resolved": "https://registry.npmjs.org/pathval/-/pathval-1.1.0.tgz",
            "integrity": "sha1-uULm1L3mUwBe9rcTYd74cn0GReA=",
            "dev": true
        },
        "preserve": {
            "version": "0.2.0",
            "resolved": "https://registry.npmjs.org/preserve/-/preserve-0.2.0.tgz",
            "integrity": "sha1-gV7R9uvGWSb4ZbMQwHE7yzMVzks="
        },
        "randomatic": {
            "version": "1.1.7",
            "resolved": "https://registry.npmjs.org/randomatic/-/randomatic-1.1.7.tgz",
            "integrity": "sha512-D5JUjPyJbaJDkuAazpVnSfVkLlpeO3wDlPROTMLGKG1zMFNFRgrciKo1ltz/AzNTkqE0HzDx655QOL51N06how==",
            "requires": {
                "is-number": "3.0.0",
                "kind-of": "4.0.0"
            },
            "dependencies": {
                "is-number": {
                    "version": "3.0.0",
                    "resolved": "https://registry.npmjs.org/is-number/-/is-number-3.0.0.tgz",
                    "integrity": "sha1-JP1iAaR4LPUFYcgQJ2r8fRLXEZU=",
                    "requires": {
                        "kind-of": "3.2.2"
                    },
                    "dependencies": {
                        "kind-of": {
                            "version": "3.2.2",
                            "resolved": "https://registry.npmjs.org/kind-of/-/kind-of-3.2.2.tgz",
                            "integrity": "sha1-MeohpzS6ubuw8yRm2JOupR5KPGQ=",
                            "requires": {
                                "is-buffer": "1.1.6"
                            }
                        }
                    }
                },
                "kind-of": {
                    "version": "4.0.0",
                    "resolved": "https://registry.npmjs.org/kind-of/-/kind-of-4.0.0.tgz",
                    "integrity": "sha1-IIE989cSkosgc3hpGkUGb65y3Vc=",
                    "requires": {
                        "is-buffer": "1.1.6"
                    }
                }
            }
        },
        "regex-cache": {
            "version": "0.4.4",
            "resolved": "https://registry.npmjs.org/regex-cache/-/regex-cache-0.4.4.tgz",
            "integrity": "sha512-nVIZwtCjkC9YgvWkpM55B5rBhBYRZhAaJbgcFYXXsHnbZ9UZI9nnVWYZpBlCqv9ho2eZryPnWrZGsOdPwVWXWQ==",
            "requires": {
                "is-equal-shallow": "0.1.3"
            }
        },
        "remove-trailing-separator": {
            "version": "1.1.0",
            "resolved": "https://registry.npmjs.org/remove-trailing-separator/-/remove-trailing-separator-1.1.0.tgz",
            "integrity": "sha1-wkvOKig62tW8P1jg1IJJuSN52O8="
        },
        "repeat-element": {
            "version": "1.1.2",
            "resolved": "https://registry.npmjs.org/repeat-element/-/repeat-element-1.1.2.tgz",
            "integrity": "sha1-7wiaF40Ug7quTZPrmLT55OEdmQo="
        },
        "repeat-string": {
            "version": "1.6.1",
            "resolved": "https://registry.npmjs.org/repeat-string/-/repeat-string-1.6.1.tgz",
            "integrity": "sha1-jcrkcOHIirwtYA//Sndihtp15jc="
        },
        "resolve": {
            "version": "1.5.0",
            "resolved": "https://registry.npmjs.org/resolve/-/resolve-1.5.0.tgz",
            "integrity": "sha512-hgoSGrc3pjzAPHNBg+KnFcK2HwlHTs/YrAGUr6qgTVUZmXv1UEXXl0bZNBKMA9fud6lRYFdPGz0xXxycPzmmiw==",
            "requires": {
                "path-parse": "1.0.5"
            }
        },
        "rollup": {
            "version": "0.56.5",
            "resolved": "https://registry.npmjs.org/rollup/-/rollup-0.56.5.tgz",
            "integrity": "sha512-IGPk5vdWrsc4vkiW9XMeXr5QMtxmvATTttTi59w2jBQWe9G/MMQtn8teIBAj+DdK51TrpVT6P0aQUaQUlUYCJA=="
        },
        "rollup-plugin-typescript": {
            "version": "0.8.1",
            "resolved": "https://registry.npmjs.org/rollup-plugin-typescript/-/rollup-plugin-typescript-0.8.1.tgz",
            "integrity": "sha1-L/fuzCHPa7K0P8J+W2iJUs5xkko=",
            "requires": {
                "compare-versions": "2.0.1",
                "object-assign": "4.1.1",
                "rollup-pluginutils": "1.5.2",
                "tippex": "2.3.1",
                "typescript": "1.8.10"
            },
            "dependencies": {
                "typescript": {
                    "version": "1.8.10",
                    "resolved": "https://registry.npmjs.org/typescript/-/typescript-1.8.10.tgz",
                    "integrity": "sha1-tHXW4N/wv1DyluXKbvn7tccyDx4="
                }
            }
        },
        "rollup-plugin-typescript2": {
            "version": "0.12.0",
            "resolved": "https://registry.npmjs.org/rollup-plugin-typescript2/-/rollup-plugin-typescript2-0.12.0.tgz",
            "integrity": "sha512-UvHzfJyBWyV+d4Av7FG79PTipIK1VrNQoDrNWszAYd7i/ZcCfBg3rPkPiK9Z+WEHXeWBbCnxJlSqR2zKWgEkiw==",
            "requires": {
                "fs-extra": "5.0.0",
                "resolve": "1.5.0",
                "rollup-pluginutils": "2.0.1",
                "tslib": "1.9.0"
            },
            "dependencies": {
                "estree-walker": {
                    "version": "0.3.1",
                    "resolved": "https://registry.npmjs.org/estree-walker/-/estree-walker-0.3.1.tgz",
                    "integrity": "sha1-5rGlHPcpJSTnI3wxLl/mZgwc4ao="
                },
                "rollup-pluginutils": {
                    "version": "2.0.1",
                    "resolved": "https://registry.npmjs.org/rollup-pluginutils/-/rollup-pluginutils-2.0.1.tgz",
                    "integrity": "sha1-fslbNXP2VDpGpkYb2afFRFJdD8A=",
                    "requires": {
                        "estree-walker": "0.3.1",
                        "micromatch": "2.3.11"
                    }
                }
            }
        },
        "rollup-plugin-uglify": {
            "version": "3.0.0",
            "resolved": "https://registry.npmjs.org/rollup-plugin-uglify/-/rollup-plugin-uglify-3.0.0.tgz",
            "integrity": "sha512-dehLu9eRRoV4l09aC+ySntRw1OAfoyKdbk8Nelblj03tHoynkSybqyEpgavemi1LBOH6S1vzI58/mpxkZIe1iQ==",
            "requires": {
                "uglify-es": "3.3.9"
            }
        },
        "rollup-pluginutils": {
            "version": "1.5.2",
            "resolved": "https://registry.npmjs.org/rollup-pluginutils/-/rollup-pluginutils-1.5.2.tgz",
            "integrity": "sha1-HhVud4+UtyVb+hs9AXi+j1xVJAg=",
            "requires": {
                "estree-walker": "0.2.1",
                "minimatch": "3.0.4"
            }
        },
        "source-map": {
            "version": "0.7.2",
            "resolved": "https://registry.npmjs.org/source-map/-/source-map-0.7.2.tgz",
            "integrity": "sha512-NDJB/R2BS7YJG0tP9SbE4DKwKj1idLT5RJqfVYZ7dreFX7wulZT3xxVhbYKrQo9n0JkRptl51TrX/5VK3HodMA==",
            "dev": true
        },
        "supports-color": {
            "version": "4.4.0",
            "resolved": "https://registry.npmjs.org/supports-color/-/supports-color-4.4.0.tgz",
            "integrity": "sha512-rKC3+DyXWgK0ZLKwmRsrkyHVZAjNkfzeehuFWdGGcqGDTZFH73+RH6S/RDAAxl9GusSjZSUWYLmT9N5pzXFOXQ==",
            "dev": true,
            "requires": {
                "has-flag": "2.0.0"
            }
        },
        "tippex": {
            "version": "2.3.1",
            "resolved": "https://registry.npmjs.org/tippex/-/tippex-2.3.1.tgz",
            "integrity": "sha1-ov1bcIfXy/sgyYBqbBYQjCwPr9o="
        },
        "tslib": {
            "version": "1.9.0",
            "resolved": "https://registry.npmjs.org/tslib/-/tslib-1.9.0.tgz",
            "integrity": "sha512-f/qGG2tUkrISBlQZEjEqoZ3B2+npJjIf04H1wuAv9iA8i04Icp+61KRXxFdha22670NJopsZCIjhC3SnjPRKrQ=="
        },
        "type-detect": {
            "version": "4.0.8",
            "resolved": "https://registry.npmjs.org/type-detect/-/type-detect-4.0.8.tgz",
            "integrity": "sha512-0fr/mIH1dlO+x7TlcMy+bIDqKPsw/70tVyeHW787goQjhmqaZe10uwLujubK9q9Lg6Fiho1KUKDYz0Z7k7g5/g==",
            "dev": true
        },
        "typescript": {
            "version": "2.7.2",
            "resolved": "https://registry.npmjs.org/typescript/-/typescript-2.7.2.tgz",
            "integrity": "sha512-p5TCYZDAO0m4G344hD+wx/LATebLWZNkkh2asWUFqSsD2OrDNhbAHuSjobrmsUmdzjJjEeZVU9g1h3O6vpstnw==",
            "dev": true
        },
        "uglify-es": {
            "version": "3.3.9",
            "resolved": "https://registry.npmjs.org/uglify-es/-/uglify-es-3.3.9.tgz",
            "integrity": "sha512-r+MU0rfv4L/0eeW3xZrd16t4NZfK8Ld4SWVglYBb7ez5uXFWHuVRs6xCTrf1yirs9a4j4Y27nn7SRfO6v67XsQ==",
            "requires": {
                "commander": "2.13.0",
                "source-map": "0.6.1"
            },
            "dependencies": {
                "commander": {
                    "version": "2.13.0",
                    "resolved": "https://registry.npmjs.org/commander/-/commander-2.13.0.tgz",
                    "integrity": "sha512-MVuS359B+YzaWqjCL/c+22gfryv+mCBPHAv3zyVI2GN8EY6IRP8VwtasXn8jyyhvvq84R4ImN1OKRtcbIasjYA=="
                },
                "source-map": {
                    "version": "0.6.1",
                    "resolved": "https://registry.npmjs.org/source-map/-/source-map-0.6.1.tgz",
                    "integrity": "sha512-UjgapumWlbMhkBgzT7Ykc5YXUT46F0iKu8SGXq0bcwP5dz/h0Plj6enJqjz1Zbq2l5WaqYnrVbwWOWMyF3F47g=="
                }
            }
        },
        "universalify": {
            "version": "0.1.1",
            "resolved": "https://registry.npmjs.org/universalify/-/universalify-0.1.1.tgz",
            "integrity": "sha1-+nG63UQ3r0wUiEHjs7Fl+enlkLc="
        },
        "vamtiger-argv": {
            "version": "1.2.3",
            "resolved": "https://registry.npmjs.org/vamtiger-argv/-/vamtiger-argv-1.2.3.tgz",
            "integrity": "sha512-IxQrgssVU6Q4M1pPaYu8upN7ZiXymIhXFW2tHLGVqe6MlIEFgurlwsDHhwRWu33IwftjvCo73i4Jed60MeXS+Q==",
            "requires": {
                "vamtiger-regex-leading-dash": "1.0.10",
                "xregexp": "3.2.0"
            }
        },
        "vamtiger-bash": {
            "version": "0.0.16",
            "resolved": "https://registry.npmjs.org/vamtiger-bash/-/vamtiger-bash-0.0.16.tgz",
            "integrity": "sha512-M6OI2wrGvL7S781leeNcZY7Vg4GM41vyGm/JjXALk/Gba+dTK5FN7Ng4o3vVcn2A2lBQf5sqjYKpjG9tig02jw==",
            "dev": true
        },
        "vamtiger-copy-file": {
            "version": "0.0.9",
            "resolved": "https://registry.npmjs.org/vamtiger-copy-file/-/vamtiger-copy-file-0.0.9.tgz",
            "integrity": "sha512-JhIxGwdLr5ElpTEZjCev38i2lyDcgL9x6YmwsF9myQPlQrKQoy19R3Jj/1Yme+9I0kXUiqjHFkToWjFtYhwPEw=="
        },
        "vamtiger-create-file": {
            "version": "0.0.7",
            "resolved": "https://registry.npmjs.org/vamtiger-create-file/-/vamtiger-create-file-0.0.7.tgz",
            "integrity": "sha512-YikTC8Fv4+w8nMZSFFatg6q+7GWGYSaMeOhfkJVVFMNqEXQHdb7a+E22D/5Y2M9tPOmXLxG5tvykThbCaxRMuQ==",
            "dev": true
        },
        "vamtiger-get-file-data": {
            "version": "0.0.4",
            "resolved": "https://registry.npmjs.org/vamtiger-get-file-data/-/vamtiger-get-file-data-0.0.4.tgz",
            "integrity": "sha512-YXNdikWuiDa61g4IDUq4qQbc+9RkcVgsN/YH5Zad5eb0V6wa/Z4DtDppOR/Jhe7lYShf1y2eLF/ZiwGurNPfcg==",
            "dev": true
        },
        "vamtiger-node-typescript-commit": {
            "version": "0.0.51",
            "resolved": "https://registry.npmjs.org/vamtiger-node-typescript-commit/-/vamtiger-node-typescript-commit-0.0.51.tgz",
            "integrity": "sha512-ixsBSRKSzd2b0IAWPsaQl7re8nFbPLBAEpJrRysbTdrj6/ksOSHZ4cxjp5WOD2xQ9RdKE7FGMIUbqd/sTefXoQ==",
            "dev": true,
            "requires": {
                "bluebird": "3.5.1",
                "vamtiger-argv": "1.2.3",
                "vamtiger-bash": "0.0.11",
                "xregexp": "3.2.0"
            },
            "dependencies": {
                "vamtiger-bash": {
                    "version": "0.0.11",
                    "resolved": "https://registry.npmjs.org/vamtiger-bash/-/vamtiger-bash-0.0.11.tgz",
                    "integrity": "sha512-zGgno0W8vZCw+PgCmKH2XSXzgRqmmmqNZr+XfhmOPAUcTzBh3dtdDahlTN91ETaKsbiBzIdj8tjExz77kscw0w==",
                    "dev": true,
                    "requires": {
                        "bluebird": "3.5.1"
                    }
                }
            }
        },
        "vamtiger-regex-leading-dash": {
            "version": "1.0.10",
            "resolved": "https://registry.npmjs.org/vamtiger-regex-leading-dash/-/vamtiger-regex-leading-dash-1.0.10.tgz",
            "integrity": "sha512-eVwcMNVVUM4AXjt8BGen2V9gnu8ceCiB+vF9i3ar6OIIm3Ql4mhS/rr50xJYB4yfteRsL9UsXYRJWqUbZGOqeQ==",
            "requires": {
                "xregexp": "3.2.0"
            }
        },
        "vlq": {
            "version": "0.2.3",
            "resolved": "https://registry.npmjs.org/vlq/-/vlq-0.2.3.tgz",
            "integrity": "sha512-DRibZL6DsNhIgYQ+wNdWDL2SL3bKPlVrRiBqV5yuMm++op8W4kGFtaQfCs4KEJn0wBZcHVHJ3eoywX8983k1ow==",
            "dev": true
        },
        "wrappy": {
            "version": "1.0.2",
            "resolved": "https://registry.npmjs.org/wrappy/-/wrappy-1.0.2.tgz",
            "integrity": "sha1-tSQ9jz7BqjXxNkYFvA0QNuMKtp8=",
            "dev": true
        },
        "xregexp": {
            "version": "3.2.0",
            "resolved": "https://registry.npmjs.org/xregexp/-/xregexp-3.2.0.tgz",
            "integrity": "sha1-yzYBmHv+JpW1hAAMGPHEqMMih44="
        }
    }
}
