{
    "name": "vamtiger-bundle-typescript",
    "version": "0.0.35-0",
    "lockfileVersion": 1,
    "requires": true,
    "dependencies": {
        "@babel/code-frame": {
            "version": "7.0.0",
            "resolved": "https://registry.npmjs.org/@babel/code-frame/-/code-frame-7.0.0.tgz",
            "integrity": "sha512-OfC2uemaknXr87bdLUkWog7nYuliM9Ij5HUcajsVcMCpQrcLmtxRbVFTIqmcSkSeYRBFBRxs2FiUqFJDLdiebA==",
            "requires": {
                "@babel/highlight": "^7.0.0"
            }
        },
        "@babel/core": {
            "version": "7.4.5",
            "resolved": "https://registry.npmjs.org/@babel/core/-/core-7.4.5.tgz",
            "integrity": "sha512-OvjIh6aqXtlsA8ujtGKfC7LYWksYSX8yQcM8Ay3LuvVeQ63lcOKgoZWVqcpFwkd29aYU9rVx7jxhfhiEDV9MZA==",
            "requires": {
                "@babel/code-frame": "^7.0.0",
                "@babel/generator": "^7.4.4",
                "@babel/helpers": "^7.4.4",
                "@babel/parser": "^7.4.5",
                "@babel/template": "^7.4.4",
                "@babel/traverse": "^7.4.5",
                "@babel/types": "^7.4.4",
                "convert-source-map": "^1.1.0",
                "debug": "^4.1.0",
                "json5": "^2.1.0",
                "lodash": "^4.17.11",
                "resolve": "^1.3.2",
                "semver": "^5.4.1",
                "source-map": "^0.5.0"
            },
            "dependencies": {
                "debug": {
                    "version": "4.1.1",
                    "resolved": "https://registry.npmjs.org/debug/-/debug-4.1.1.tgz",
                    "integrity": "sha512-pYAIzeRo8J6KPEaJ0VWOh5Pzkbw/RetuzehGM7QRRX5he4fPHx2rdKMB256ehJCkX+XRQm16eZLqLNS8RSZXZw==",
                    "requires": {
                        "ms": "^2.1.1"
                    }
                },
                "ms": {
                    "version": "2.1.2",
                    "resolved": "https://registry.npmjs.org/ms/-/ms-2.1.2.tgz",
                    "integrity": "sha512-sGkPx+VjMtmA6MX27oA4FBFELFCZZ4S4XqeGOXCv68tT+jb3vk/RyaKWP0PTKyWtmLSM0b+adUTEvbs1PEaH2w=="
                },
                "source-map": {
                    "version": "0.5.7",
                    "resolved": "https://registry.npmjs.org/source-map/-/source-map-0.5.7.tgz",
                    "integrity": "sha1-igOdLRAh0i0eoUyA2OpGi6LvP8w="
                }
            }
        },
        "@babel/generator": {
            "version": "7.4.4",
            "resolved": "https://registry.npmjs.org/@babel/generator/-/generator-7.4.4.tgz",
            "integrity": "sha512-53UOLK6TVNqKxf7RUh8NE851EHRxOOeVXKbK2bivdb+iziMyk03Sr4eaE9OELCbyZAAafAKPDwF2TPUES5QbxQ==",
            "requires": {
                "@babel/types": "^7.4.4",
                "jsesc": "^2.5.1",
                "lodash": "^4.17.11",
                "source-map": "^0.5.0",
                "trim-right": "^1.0.1"
            },
            "dependencies": {
                "source-map": {
                    "version": "0.5.7",
                    "resolved": "https://registry.npmjs.org/source-map/-/source-map-0.5.7.tgz",
                    "integrity": "sha1-igOdLRAh0i0eoUyA2OpGi6LvP8w="
                }
            }
        },
        "@babel/helper-function-name": {
            "version": "7.1.0",
            "resolved": "https://registry.npmjs.org/@babel/helper-function-name/-/helper-function-name-7.1.0.tgz",
            "integrity": "sha512-A95XEoCpb3TO+KZzJ4S/5uW5fNe26DjBGqf1o9ucyLyCmi1dXq/B3c8iaWTfBk3VvetUxl16e8tIrd5teOCfGw==",
            "requires": {
                "@babel/helper-get-function-arity": "^7.0.0",
                "@babel/template": "^7.1.0",
                "@babel/types": "^7.0.0"
            }
        },
        "@babel/helper-get-function-arity": {
            "version": "7.0.0",
            "resolved": "https://registry.npmjs.org/@babel/helper-get-function-arity/-/helper-get-function-arity-7.0.0.tgz",
            "integrity": "sha512-r2DbJeg4svYvt3HOS74U4eWKsUAMRH01Z1ds1zx8KNTPtpTL5JAsdFv8BNyOpVqdFhHkkRDIg5B4AsxmkjAlmQ==",
            "requires": {
                "@babel/types": "^7.0.0"
            }
        },
        "@babel/helper-module-imports": {
            "version": "7.0.0",
            "resolved": "https://registry.npmjs.org/@babel/helper-module-imports/-/helper-module-imports-7.0.0.tgz",
            "integrity": "sha512-aP/hlLq01DWNEiDg4Jn23i+CXxW/owM4WpDLFUbpjxe4NS3BhLVZQ5i7E0ZrxuQ/vwekIeciyamgB1UIYxxM6A==",
            "requires": {
                "@babel/types": "^7.0.0"
            }
        },
        "@babel/helper-plugin-utils": {
            "version": "7.0.0",
            "resolved": "https://registry.npmjs.org/@babel/helper-plugin-utils/-/helper-plugin-utils-7.0.0.tgz",
            "integrity": "sha512-CYAOUCARwExnEixLdB6sDm2dIJ/YgEAKDM1MOeMeZu9Ld/bDgVo8aiWrXwcY7OBh+1Ea2uUcVRcxKk0GJvW7QA=="
        },
        "@babel/helper-split-export-declaration": {
            "version": "7.4.4",
            "resolved": "https://registry.npmjs.org/@babel/helper-split-export-declaration/-/helper-split-export-declaration-7.4.4.tgz",
            "integrity": "sha512-Ro/XkzLf3JFITkW6b+hNxzZ1n5OQ80NvIUdmHspih1XAhtN3vPTuUFT4eQnela+2MaZ5ulH+iyP513KJrxbN7Q==",
            "requires": {
                "@babel/types": "^7.4.4"
            }
        },
        "@babel/helpers": {
            "version": "7.4.4",
            "resolved": "https://registry.npmjs.org/@babel/helpers/-/helpers-7.4.4.tgz",
            "integrity": "sha512-igczbR/0SeuPR8RFfC7tGrbdTbFL3QTvH6D+Z6zNxnTe//GyqmtHmDkzrqDmyZ3eSwPqB/LhyKoU5DXsp+Vp2A==",
            "requires": {
                "@babel/template": "^7.4.4",
                "@babel/traverse": "^7.4.4",
                "@babel/types": "^7.4.4"
            }
        },
        "@babel/highlight": {
            "version": "7.0.0",
            "resolved": "https://registry.npmjs.org/@babel/highlight/-/highlight-7.0.0.tgz",
            "integrity": "sha512-UFMC4ZeFC48Tpvj7C8UgLvtkaUuovQX+5xNWrsIoMG8o2z+XFKjKaN9iVmS84dPwVN00W4wPmqvYoZF3EGAsfw==",
            "requires": {
                "chalk": "^2.0.0",
                "esutils": "^2.0.2",
                "js-tokens": "^4.0.0"
            }
        },
        "@babel/parser": {
            "version": "7.4.5",
            "resolved": "https://registry.npmjs.org/@babel/parser/-/parser-7.4.5.tgz",
            "integrity": "sha512-9mUqkL1FF5T7f0WDFfAoDdiMVPWsdD1gZYzSnaXsxUCUqzuch/8of9G3VUSNiZmMBoRxT3neyVsqeiL/ZPcjew=="
        },
        "@babel/plugin-transform-destructuring": {
            "version": "7.4.4",
            "resolved": "https://registry.npmjs.org/@babel/plugin-transform-destructuring/-/plugin-transform-destructuring-7.4.4.tgz",
            "integrity": "sha512-/aOx+nW0w8eHiEHm+BTERB2oJn5D127iye/SUQl7NjHy0lf+j7h4MKMMSOwdazGq9OxgiNADncE+SRJkCxjZpQ==",
            "requires": {
                "@babel/helper-plugin-utils": "^7.0.0"
            }
        },
        "@babel/template": {
            "version": "7.4.4",
            "resolved": "https://registry.npmjs.org/@babel/template/-/template-7.4.4.tgz",
            "integrity": "sha512-CiGzLN9KgAvgZsnivND7rkA+AeJ9JB0ciPOD4U59GKbQP2iQl+olF1l76kJOupqidozfZ32ghwBEJDhnk9MEcw==",
            "requires": {
                "@babel/code-frame": "^7.0.0",
                "@babel/parser": "^7.4.4",
                "@babel/types": "^7.4.4"
            }
        },
        "@babel/traverse": {
            "version": "7.4.5",
            "resolved": "https://registry.npmjs.org/@babel/traverse/-/traverse-7.4.5.tgz",
            "integrity": "sha512-Vc+qjynwkjRmIFGxy0KYoPj4FdVDxLej89kMHFsWScq999uX+pwcX4v9mWRjW0KcAYTPAuVQl2LKP1wEVLsp+A==",
            "requires": {
                "@babel/code-frame": "^7.0.0",
                "@babel/generator": "^7.4.4",
                "@babel/helper-function-name": "^7.1.0",
                "@babel/helper-split-export-declaration": "^7.4.4",
                "@babel/parser": "^7.4.5",
                "@babel/types": "^7.4.4",
                "debug": "^4.1.0",
                "globals": "^11.1.0",
                "lodash": "^4.17.11"
            },
            "dependencies": {
                "debug": {
                    "version": "4.1.1",
                    "resolved": "https://registry.npmjs.org/debug/-/debug-4.1.1.tgz",
                    "integrity": "sha512-pYAIzeRo8J6KPEaJ0VWOh5Pzkbw/RetuzehGM7QRRX5he4fPHx2rdKMB256ehJCkX+XRQm16eZLqLNS8RSZXZw==",
                    "requires": {
                        "ms": "^2.1.1"
                    }
                },
                "ms": {
                    "version": "2.1.2",
                    "resolved": "https://registry.npmjs.org/ms/-/ms-2.1.2.tgz",
                    "integrity": "sha512-sGkPx+VjMtmA6MX27oA4FBFELFCZZ4S4XqeGOXCv68tT+jb3vk/RyaKWP0PTKyWtmLSM0b+adUTEvbs1PEaH2w=="
                }
            }
        },
        "@babel/types": {
            "version": "7.4.4",
            "resolved": "https://registry.npmjs.org/@babel/types/-/types-7.4.4.tgz",
            "integrity": "sha512-dOllgYdnEFOebhkKCjzSVFqw/PmmB8pH6RGOWkY4GsboQNd47b1fBThBSwlHAq9alF9vc1M3+6oqR47R50L0tQ==",
            "requires": {
                "esutils": "^2.0.2",
                "lodash": "^4.17.11",
                "to-fast-properties": "^2.0.0"
            }
        },
        "@types/acorn": {
            "version": "4.0.3",
            "resolved": "https://registry.npmjs.org/@types/acorn/-/acorn-4.0.3.tgz",
            "integrity": "sha512-gou/kWQkGPMZjdCKNZGDpqxLm9+ErG/pFZKPX4tvCjr0Xf4FCYYX3nAsu7aDVKJV3KUe27+mvqqyWT/9VZoM/A==",
            "dev": true,
            "requires": {
                "@types/estree": "*"
            }
        },
        "@types/chai": {
            "version": "4.1.2",
            "resolved": "https://registry.npmjs.org/@types/chai/-/chai-4.1.2.tgz",
            "integrity": "sha512-D8uQwKYUw2KESkorZ27ykzXgvkDJYXVEihGklgfp5I4HUP8D6IxtcdLTMB1emjQiWzV7WZ5ihm1cxIzVwjoleQ==",
            "dev": true
        },
        "@types/chokidar": {
            "version": "1.7.5",
            "resolved": "https://registry.npmjs.org/@types/chokidar/-/chokidar-1.7.5.tgz",
            "integrity": "sha512-PDkSRY7KltW3M60hSBlerxI8SFPXsO3AL/aRVsO4Kh9IHRW74Ih75gUuTd/aE4LSSFqypb10UIX3QzOJwBQMGQ==",
            "dev": true,
            "requires": {
                "@types/events": "*",
                "@types/node": "*"
            }
        },
        "@types/estree": {
            "version": "0.0.38",
            "resolved": "https://registry.npmjs.org/@types/estree/-/estree-0.0.38.tgz",
            "integrity": "sha512-F/v7t1LwS4vnXuPooJQGBRKRGIoxWUTmA4VHfqjOccFsNDThD5bfUNpITive6s352O7o384wcpEaDV8rHCehDA==",
            "dev": true
        },
        "@types/events": {
            "version": "1.2.0",
            "resolved": "https://registry.npmjs.org/@types/events/-/events-1.2.0.tgz",
            "integrity": "sha512-KEIlhXnIutzKwRbQkGWb/I4HFqBuUykAdHgDED6xqwXJfONCjF5VoE0cXEiurh3XauygxzeDzgtXUqvLkxFzzA==",
            "dev": true
        },
        "@types/mocha": {
            "version": "2.2.48",
            "resolved": "https://registry.npmjs.org/@types/mocha/-/mocha-2.2.48.tgz",
            "integrity": "sha512-nlK/iyETgafGli8Zh9zJVCTicvU3iajSkRwOh3Hhiva598CMqNJ4NcVCGMTGKpGpTYj/9R8RLzS9NAykSSCqGw==",
            "dev": true
        },
        "@types/node": {
            "version": "9.4.7",
            "resolved": "https://registry.npmjs.org/@types/node/-/node-9.4.7.tgz",
            "integrity": "sha512-4Ba90mWNx8ddbafuyGGwjkZMigi+AWfYLSDCpovwsE63ia8w93r3oJ8PIAQc3y8U+XHcnMOHPIzNe3o438Ywcw==",
            "dev": true
        },
        "ansi-regex": {
            "version": "2.1.1",
            "resolved": "https://registry.npmjs.org/ansi-regex/-/ansi-regex-2.1.1.tgz",
            "integrity": "sha1-w7M6te42DYbg5ijwRorn7yfWVN8="
        },
        "ansi-styles": {
            "version": "3.2.1",
            "resolved": "https://registry.npmjs.org/ansi-styles/-/ansi-styles-3.2.1.tgz",
            "integrity": "sha512-VT0ZI6kZRdTh8YyJw3SMbYm/u+NqfsAxEpWO0Pf9sq8/e94WxxOpPKx9FR1FlyCtOVDNOQ+8ntlqFxiRc+r5qA==",
            "requires": {
                "color-convert": "^1.9.0"
            }
        },
        "assertion-error": {
            "version": "1.1.0",
            "resolved": "https://registry.npmjs.org/assertion-error/-/assertion-error-1.1.0.tgz",
            "integrity": "sha512-jgsaNduz+ndvGyFt3uSuWqvy4lCnIJiovtouQN5JZHOKCS2QuhEdbcQHFhVksz2N2U9hXJo8odG7ETyWlEeuDw==",
            "dev": true
        },
        "babel-code-frame": {
            "version": "6.26.0",
            "resolved": "https://registry.npmjs.org/babel-code-frame/-/babel-code-frame-6.26.0.tgz",
            "integrity": "sha1-Y/1D99weO7fONZR9uP42mj9Yx0s=",
            "requires": {
                "chalk": "^1.1.3",
                "esutils": "^2.0.2",
                "js-tokens": "^3.0.2"
            },
            "dependencies": {
                "ansi-styles": {
                    "version": "2.2.1",
                    "resolved": "https://registry.npmjs.org/ansi-styles/-/ansi-styles-2.2.1.tgz",
                    "integrity": "sha1-tDLdM1i2NM914eRmQ2gkBTPB3b4="
                },
                "chalk": {
                    "version": "1.1.3",
                    "resolved": "https://registry.npmjs.org/chalk/-/chalk-1.1.3.tgz",
                    "integrity": "sha1-qBFcVeSnAv5NFQq9OHKCKn4J/Jg=",
                    "requires": {
                        "ansi-styles": "^2.2.1",
                        "escape-string-regexp": "^1.0.2",
                        "has-ansi": "^2.0.0",
                        "strip-ansi": "^3.0.0",
                        "supports-color": "^2.0.0"
                    }
                },
                "js-tokens": {
                    "version": "3.0.2",
                    "resolved": "https://registry.npmjs.org/js-tokens/-/js-tokens-3.0.2.tgz",
                    "integrity": "sha1-mGbfOVECEw449/mWvOtlRDIJwls="
                },
                "supports-color": {
                    "version": "2.0.0",
                    "resolved": "https://registry.npmjs.org/supports-color/-/supports-color-2.0.0.tgz",
                    "integrity": "sha1-U10EXOa2Nj+kARcIRimZXp3zJMc="
                }
            }
        },
        "babel-helper-call-delegate": {
            "version": "6.24.1",
            "resolved": "https://registry.npmjs.org/babel-helper-call-delegate/-/babel-helper-call-delegate-6.24.1.tgz",
            "integrity": "sha1-7Oaqzdx25Bw0YfiL/Fdb0Nqi340=",
            "requires": {
                "babel-helper-hoist-variables": "^6.24.1",
                "babel-runtime": "^6.22.0",
                "babel-traverse": "^6.24.1",
                "babel-types": "^6.24.1"
            }
        },
        "babel-helper-get-function-arity": {
            "version": "6.24.1",
            "resolved": "https://registry.npmjs.org/babel-helper-get-function-arity/-/babel-helper-get-function-arity-6.24.1.tgz",
            "integrity": "sha1-j3eCqpNAfEHTqlCQj4mwMbG2hT0=",
            "requires": {
                "babel-runtime": "^6.22.0",
                "babel-types": "^6.24.1"
            }
        },
        "babel-helper-hoist-variables": {
            "version": "6.24.1",
            "resolved": "https://registry.npmjs.org/babel-helper-hoist-variables/-/babel-helper-hoist-variables-6.24.1.tgz",
            "integrity": "sha1-HssnaJydJVE+rbyZFKc/VAi+enY=",
            "requires": {
                "babel-runtime": "^6.22.0",
                "babel-types": "^6.24.1"
            }
        },
        "babel-messages": {
            "version": "6.23.0",
            "resolved": "https://registry.npmjs.org/babel-messages/-/babel-messages-6.23.0.tgz",
            "integrity": "sha1-8830cDhYA1sqKVHG7F7fbGLyYw4=",
            "requires": {
                "babel-runtime": "^6.22.0"
            }
        },
        "babel-plugin-transform-es2015-destructuring": {
            "version": "6.23.0",
            "resolved": "https://registry.npmjs.org/babel-plugin-transform-es2015-destructuring/-/babel-plugin-transform-es2015-destructuring-6.23.0.tgz",
            "integrity": "sha1-mXux8auWf2gtKwh2/jWNYOdlxW0=",
            "requires": {
                "babel-runtime": "^6.22.0"
            }
        },
        "babel-plugin-transform-es2015-parameters": {
            "version": "6.24.1",
            "resolved": "https://registry.npmjs.org/babel-plugin-transform-es2015-parameters/-/babel-plugin-transform-es2015-parameters-6.24.1.tgz",
            "integrity": "sha1-V6w1GrScrxSpfNE7CfZv3wpiXys=",
            "requires": {
                "babel-helper-call-delegate": "^6.24.1",
                "babel-helper-get-function-arity": "^6.24.1",
                "babel-runtime": "^6.22.0",
                "babel-template": "^6.24.1",
                "babel-traverse": "^6.24.1",
                "babel-types": "^6.24.1"
            }
        },
        "babel-runtime": {
            "version": "6.26.0",
            "resolved": "https://registry.npmjs.org/babel-runtime/-/babel-runtime-6.26.0.tgz",
            "integrity": "sha1-llxwWGaOgrVde/4E/yM3vItWR/4=",
            "requires": {
                "core-js": "^2.4.0",
                "regenerator-runtime": "^0.11.0"
            }
        },
        "babel-template": {
            "version": "6.26.0",
            "resolved": "https://registry.npmjs.org/babel-template/-/babel-template-6.26.0.tgz",
            "integrity": "sha1-3gPi0WOWsGn0bdn/+FIfsaDjXgI=",
            "requires": {
                "babel-runtime": "^6.26.0",
                "babel-traverse": "^6.26.0",
                "babel-types": "^6.26.0",
                "babylon": "^6.18.0",
                "lodash": "^4.17.4"
            }
        },
        "babel-traverse": {
            "version": "6.26.0",
            "resolved": "https://registry.npmjs.org/babel-traverse/-/babel-traverse-6.26.0.tgz",
            "integrity": "sha1-RqnL1+3MYsjlwGTi0tjQ9ANXZu4=",
            "requires": {
                "babel-code-frame": "^6.26.0",
                "babel-messages": "^6.23.0",
                "babel-runtime": "^6.26.0",
                "babel-types": "^6.26.0",
                "babylon": "^6.18.0",
                "debug": "^2.6.8",
                "globals": "^9.18.0",
                "invariant": "^2.2.2",
                "lodash": "^4.17.4"
            },
            "dependencies": {
                "debug": {
                    "version": "2.6.9",
                    "resolved": "https://registry.npmjs.org/debug/-/debug-2.6.9.tgz",
                    "integrity": "sha512-bC7ElrdJaJnPbAP+1EotYvqZsb3ecl5wi6Bfi6BJTUcNowp6cvspg0jXznRTKDjm/E7AdgFBVeAPVMNcKGsHMA==",
                    "requires": {
                        "ms": "2.0.0"
                    }
                },
                "globals": {
                    "version": "9.18.0",
                    "resolved": "https://registry.npmjs.org/globals/-/globals-9.18.0.tgz",
                    "integrity": "sha512-S0nG3CLEQiY/ILxqtztTWH/3iRRdyBLw6KMDxnKMchrtbj2OFmehVh0WUCfW3DUrIgx/qFrJPICrq4Z4sTR9UQ=="
                }
            }
        },
        "babel-types": {
            "version": "6.26.0",
            "resolved": "https://registry.npmjs.org/babel-types/-/babel-types-6.26.0.tgz",
            "integrity": "sha1-o7Bz+Uq0nrb6Vc1lInozQ4BjJJc=",
            "requires": {
                "babel-runtime": "^6.26.0",
                "esutils": "^2.0.2",
                "lodash": "^4.17.4",
                "to-fast-properties": "^1.0.3"
            },
            "dependencies": {
                "to-fast-properties": {
                    "version": "1.0.3",
                    "resolved": "https://registry.npmjs.org/to-fast-properties/-/to-fast-properties-1.0.3.tgz",
                    "integrity": "sha1-uDVx+k2MJbguIxsG46MFXeTKGkc="
                }
            }
        },
        "babylon": {
            "version": "6.18.0",
            "resolved": "https://registry.npmjs.org/babylon/-/babylon-6.18.0.tgz",
            "integrity": "sha512-q/UEjfGJ2Cm3oKV71DJz9d25TPnq5rhBVL2Q4fA5wcC3jcrdn7+SssEybFIxwAvvP+YCsCYNKughoF33GxgycQ=="
        },
        "balanced-match": {
            "version": "1.0.0",
            "resolved": "https://registry.npmjs.org/balanced-match/-/balanced-match-1.0.0.tgz",
            "integrity": "sha1-ibTRmasr7kneFk6gK4nORi1xt2c="
        },
        "bluebird": {
            "version": "3.5.1",
            "resolved": "https://registry.npmjs.org/bluebird/-/bluebird-3.5.1.tgz",
            "integrity": "sha512-MKiLiV+I1AA596t9w1sQJ8jkiSr5+ZKi0WKrYGUn6d1Fx+Ij4tIj+m2WMQSGczs5jZVxV339chE8iwk6F64wjA=="
        },
        "brace-expansion": {
            "version": "1.1.11",
            "resolved": "https://registry.npmjs.org/brace-expansion/-/brace-expansion-1.1.11.tgz",
            "integrity": "sha512-iCuPHDFgrHX7H2vEI/5xpz07zSHB00TpugqhmYtVmMO6518mCuRMoOYFldEBl0g187ufozdaHgWKcYFb61qGiA==",
            "requires": {
                "balanced-match": "^1.0.0",
                "concat-map": "0.0.1"
            }
        },
        "browser-stdout": {
            "version": "1.3.1",
            "resolved": "https://registry.npmjs.org/browser-stdout/-/browser-stdout-1.3.1.tgz",
            "integrity": "sha512-qhAVI1+Av2X7qelOfAIYwXONood6XlZE/fXaBSmW/T5SzLAmCgzi+eiWE7fUvbHaeNBQH13UftjpXxsfLkMpgw==",
            "dev": true
        },
        "chai": {
            "version": "4.1.2",
            "resolved": "https://registry.npmjs.org/chai/-/chai-4.1.2.tgz",
            "integrity": "sha1-D2RYS6ZC8PKs4oBiefTwbKI61zw=",
            "dev": true,
            "requires": {
                "assertion-error": "^1.0.1",
                "check-error": "^1.0.1",
                "deep-eql": "^3.0.0",
                "get-func-name": "^2.0.0",
                "pathval": "^1.0.0",
                "type-detect": "^4.0.0"
            }
        },
        "chalk": {
            "version": "2.4.2",
            "resolved": "https://registry.npmjs.org/chalk/-/chalk-2.4.2.tgz",
            "integrity": "sha512-Mti+f9lpJNcwF4tWV8/OrTTtF1gZi+f8FqlyAdouralcFWFQWF2+NgCHShjkCb+IFBLq9buZwE1xckQU4peSuQ==",
            "requires": {
                "ansi-styles": "^3.2.1",
                "escape-string-regexp": "^1.0.5",
                "supports-color": "^5.3.0"
            },
            "dependencies": {
                "has-flag": {
                    "version": "3.0.0",
                    "resolved": "https://registry.npmjs.org/has-flag/-/has-flag-3.0.0.tgz",
                    "integrity": "sha1-tdRU3CGZriJWmfNGfloH87lVuv0="
                },
                "supports-color": {
                    "version": "5.5.0",
                    "resolved": "https://registry.npmjs.org/supports-color/-/supports-color-5.5.0.tgz",
                    "integrity": "sha512-QjVjwdXIt408MIiAqCX4oUKsgU2EqAGzs2Ppkm4aQYbjm+ZEWEcW4SfFNTr4uMNZma0ey4f5lgLrkB0aX0QMow==",
                    "requires": {
                        "has-flag": "^3.0.0"
                    }
                }
            }
        },
        "check-error": {
            "version": "1.0.2",
            "resolved": "https://registry.npmjs.org/check-error/-/check-error-1.0.2.tgz",
            "integrity": "sha1-V00xLt2Iu13YkS6Sht1sCu1KrII=",
            "dev": true
        },
        "color-convert": {
            "version": "1.9.3",
            "resolved": "https://registry.npmjs.org/color-convert/-/color-convert-1.9.3.tgz",
            "integrity": "sha512-QfAUtd+vFdAtFQcC8CCyYt1fYWxSqAiK2cSD6zDB8N3cpsEBAvRxp9zOGg6G/SHHJYAT88/az/IuDGALsNVbGg==",
            "requires": {
                "color-name": "1.1.3"
            }
        },
        "color-name": {
            "version": "1.1.3",
            "resolved": "https://registry.npmjs.org/color-name/-/color-name-1.1.3.tgz",
            "integrity": "sha1-p9BVi9icQveV3UIyj3QIMcpTvCU="
        },
        "commander": {
            "version": "2.11.0",
            "resolved": "https://registry.npmjs.org/commander/-/commander-2.11.0.tgz",
            "integrity": "sha512-b0553uYA5YAEGgyYIGYROzKQ7X5RAqedkfjiZxwi0kL1g3bOaBNNZfYkzt/CL0umgD5wc9Jec2FbB98CjkMRvQ==",
            "dev": true
        },
        "compare-versions": {
            "version": "2.0.1",
            "resolved": "https://registry.npmjs.org/compare-versions/-/compare-versions-2.0.1.tgz",
            "integrity": "sha1-Htwfk2h/2XoyXFn1XkWgfbEGrKY="
        },
        "concat-map": {
            "version": "0.0.1",
            "resolved": "https://registry.npmjs.org/concat-map/-/concat-map-0.0.1.tgz",
            "integrity": "sha1-2Klr13/Wjfd5OnMDajug1UBdR3s="
        },
        "convert-source-map": {
            "version": "1.6.0",
            "resolved": "https://registry.npmjs.org/convert-source-map/-/convert-source-map-1.6.0.tgz",
            "integrity": "sha512-eFu7XigvxdZ1ETfbgPBohgyQ/Z++C0eEhTor0qRwBw9unw+L0/6V8wkSuGgzdThkiS5lSpdptOQPD8Ak40a+7A==",
            "requires": {
                "safe-buffer": "~5.1.1"
            }
        },
        "core-js": {
            "version": "2.6.9",
            "resolved": "https://registry.npmjs.org/core-js/-/core-js-2.6.9.tgz",
            "integrity": "sha512-HOpZf6eXmnl7la+cUdMnLvUxKNqLUzJvgIziQ0DiF3JwSImNphIqdGqzj6hIKyX04MmV0poclQ7+wjWvxQyR2A=="
        },
        "debug": {
            "version": "3.1.0",
            "resolved": "https://registry.npmjs.org/debug/-/debug-3.1.0.tgz",
            "integrity": "sha512-OX8XqP7/1a9cqkxYw2yXss15f26NKWBpDXQd0/uK/KPqdQhxbPa994hnzjcE2VqQpDslf55723cKPUOGSmMY3g==",
            "dev": true,
            "requires": {
                "ms": "2.0.0"
            }
        },
        "deep-eql": {
            "version": "3.0.1",
            "resolved": "https://registry.npmjs.org/deep-eql/-/deep-eql-3.0.1.tgz",
            "integrity": "sha512-+QeIQyN5ZuO+3Uk5DYh6/1eKO0m0YmJFGNmFHGACpf1ClL1nmlV/p4gNgbl2pJGxgXb4faqo6UE+M5ACEMyVcw==",
            "dev": true,
            "requires": {
                "type-detect": "^4.0.0"
            }
        },
        "diff": {
            "version": "3.5.0",
            "resolved": "https://registry.npmjs.org/diff/-/diff-3.5.0.tgz",
            "integrity": "sha512-A46qtFgd+g7pDZinpnwiRJtxbC1hpgf0uzP3iG89scHk0AUC7A1TGxf5OiiOUv/JMZR8GOt8hL900hV0bOy5xA==",
            "dev": true
        },
        "escape-string-regexp": {
            "version": "1.0.5",
            "resolved": "https://registry.npmjs.org/escape-string-regexp/-/escape-string-regexp-1.0.5.tgz",
            "integrity": "sha1-G2HAViGQqN/2rjuyzwIAyhMLhtQ="
        },
        "estree-walker": {
            "version": "0.2.1",
            "resolved": "https://registry.npmjs.org/estree-walker/-/estree-walker-0.2.1.tgz",
            "integrity": "sha1-va/oCVOD2EFNXcLs9MkXO225QS4="
        },
        "esutils": {
            "version": "2.0.2",
            "resolved": "https://registry.npmjs.org/esutils/-/esutils-2.0.2.tgz",
            "integrity": "sha1-Cr9PHKpbyx96nYrMbepPqqBLrJs="
        },
        "fs.realpath": {
            "version": "1.0.0",
            "resolved": "https://registry.npmjs.org/fs.realpath/-/fs.realpath-1.0.0.tgz",
            "integrity": "sha1-FQStJSMVjKpA20onh8sBQRmU6k8=",
            "dev": true
        },
        "get-func-name": {
            "version": "2.0.0",
            "resolved": "https://registry.npmjs.org/get-func-name/-/get-func-name-2.0.0.tgz",
            "integrity": "sha1-6td0q+5y4gQJQzoGY2YCPdaIekE=",
            "dev": true
        },
        "glob": {
            "version": "7.1.2",
            "resolved": "https://registry.npmjs.org/glob/-/glob-7.1.2.tgz",
            "integrity": "sha512-MJTUg1kjuLeQCJ+ccE4Vpa6kKVXkPYJ2mOCQyUuKLcLQsdrMCpBPUi8qVE6+YuaJkozeA9NusTAw3hLr8Xe5EQ==",
            "dev": true,
            "requires": {
                "fs.realpath": "^1.0.0",
                "inflight": "^1.0.4",
                "inherits": "2",
                "minimatch": "^3.0.4",
                "once": "^1.3.0",
                "path-is-absolute": "^1.0.0"
            }
        },
        "globals": {
            "version": "11.12.0",
            "resolved": "https://registry.npmjs.org/globals/-/globals-11.12.0.tgz",
            "integrity": "sha512-WOBp/EEGUiIsJSp7wcv/y6MO+lV9UoncWqxuFfm8eBwzWNgyfBd6Gz+IeKQ9jCmyhoH99g15M3T+QaVHFjizVA=="
        },
        "growl": {
            "version": "1.10.3",
            "resolved": "https://registry.npmjs.org/growl/-/growl-1.10.3.tgz",
            "integrity": "sha512-hKlsbA5Vu3xsh1Cg3J7jSmX/WaW6A5oBeqzM88oNbCRQFz+zUaXm6yxS4RVytp1scBoJzSYl4YAEOQIt6O8V1Q==",
            "dev": true
        },
        "has-ansi": {
            "version": "2.0.0",
            "resolved": "https://registry.npmjs.org/has-ansi/-/has-ansi-2.0.0.tgz",
            "integrity": "sha1-NPUEnOHs3ysGSa8+8k5F7TVBbZE=",
            "requires": {
                "ansi-regex": "^2.0.0"
            }
        },
        "has-flag": {
            "version": "2.0.0",
            "resolved": "https://registry.npmjs.org/has-flag/-/has-flag-2.0.0.tgz",
            "integrity": "sha1-6CB68cx7MNRGzHC3NLXovhj4jVE=",
            "dev": true
        },
        "he": {
            "version": "1.1.1",
            "resolved": "https://registry.npmjs.org/he/-/he-1.1.1.tgz",
            "integrity": "sha1-k0EP0hsAlzUVH4howvJx80J+I/0=",
            "dev": true
        },
        "inflight": {
            "version": "1.0.6",
            "resolved": "https://registry.npmjs.org/inflight/-/inflight-1.0.6.tgz",
            "integrity": "sha1-Sb1jMdfQLQwJvJEKEHW6gWW1bfk=",
            "dev": true,
            "requires": {
                "once": "^1.3.0",
                "wrappy": "1"
            }
        },
        "inherits": {
            "version": "2.0.3",
            "resolved": "https://registry.npmjs.org/inherits/-/inherits-2.0.3.tgz",
            "integrity": "sha1-Yzwsg+PaQqUC9SRmAiSA9CCCYd4=",
            "dev": true
        },
        "invariant": {
            "version": "2.2.4",
            "resolved": "https://registry.npmjs.org/invariant/-/invariant-2.2.4.tgz",
            "integrity": "sha512-phJfQVBuaJM5raOpJjSfkiD6BpbCE4Ns//LaXl6wGYtUBY83nWS6Rf9tXm2e8VaK60JEjYldbPif/A2B1C2gNA==",
            "requires": {
                "loose-envify": "^1.0.0"
            }
        },
        "js-tokens": {
            "version": "4.0.0",
            "resolved": "https://registry.npmjs.org/js-tokens/-/js-tokens-4.0.0.tgz",
            "integrity": "sha512-RdJUflcE3cUzKiMqQgsCu06FPu9UdIJO0beYbPhHN4k6apgJtifcoCtT9bcxOpYBtpD2kCM6Sbzg4CausW/PKQ=="
        },
        "jsesc": {
            "version": "2.5.2",
            "resolved": "https://registry.npmjs.org/jsesc/-/jsesc-2.5.2.tgz",
            "integrity": "sha512-OYu7XEzjkCQ3C5Ps3QIZsQfNpqoJyZZA99wd9aWd05NCtC5pWOkShK2mkL6HXQR6/Cy2lbNdPlZBpuQHXE63gA=="
        },
        "json5": {
            "version": "2.1.0",
            "resolved": "https://registry.npmjs.org/json5/-/json5-2.1.0.tgz",
            "integrity": "sha512-8Mh9h6xViijj36g7Dxi+Y4S6hNGV96vcJZr/SrlHh1LR/pEn/8j/+qIBbs44YKl69Lrfctp4QD+AdWLTMqEZAQ==",
            "requires": {
                "minimist": "^1.2.0"
            },
            "dependencies": {
                "minimist": {
                    "version": "1.2.0",
                    "resolved": "https://registry.npmjs.org/minimist/-/minimist-1.2.0.tgz",
                    "integrity": "sha1-o1AIsg9BOD7sH7kU9M1d95omQoQ="
                }
            }
        },
        "lodash": {
            "version": "4.17.11",
            "resolved": "https://registry.npmjs.org/lodash/-/lodash-4.17.11.tgz",
            "integrity": "sha512-cQKh8igo5QUhZ7lg38DYWAxMvjSAKG0A8wGSVimP07SIUEK2UO+arSRKbRZWtelMtN5V0Hkwh5ryOto/SshYIg=="
        },
        "loose-envify": {
            "version": "1.4.0",
            "resolved": "https://registry.npmjs.org/loose-envify/-/loose-envify-1.4.0.tgz",
            "integrity": "sha512-lyuxPGr/Wfhrlem2CL/UcnUc1zcqKAImBDzukY7Y5F/yQiNdko6+fRLevlw1HgMySw7f611UIY408EtxRSoK3Q==",
            "requires": {
                "js-tokens": "^3.0.0 || ^4.0.0"
            }
        },
        "magic-string": {
            "version": "0.22.4",
            "resolved": "https://registry.npmjs.org/magic-string/-/magic-string-0.22.4.tgz",
            "integrity": "sha512-kxBL06p6iO2qPBHsqGK2b3cRwiRGpnmSuVWNhwHcMX7qJOUr1HvricYP1LZOCdkQBUp0jiWg2d6WJwR3vYgByw==",
            "dev": true,
            "requires": {
                "vlq": "^0.2.1"
            }
        },
        "minimatch": {
            "version": "3.0.4",
            "resolved": "https://registry.npmjs.org/minimatch/-/minimatch-3.0.4.tgz",
            "integrity": "sha512-yJHVQEhyqPLUTgt9B83PXu6W3rx4MvvHvSUvToogpwoGDOUQ+yDrR0HRot+yOCdCO7u4hX3pWft6kWBBcqh0UA==",
            "requires": {
                "brace-expansion": "^1.1.7"
            }
        },
        "minimist": {
            "version": "0.0.8",
            "resolved": "https://registry.npmjs.org/minimist/-/minimist-0.0.8.tgz",
            "integrity": "sha1-hX/Kv8M5fSYluCKCYuhqp6ARsF0=",
            "dev": true
        },
        "mkdirp": {
            "version": "0.5.1",
            "resolved": "https://registry.npmjs.org/mkdirp/-/mkdirp-0.5.1.tgz",
            "integrity": "sha1-MAV0OOrGz3+MR2fzhkjWaX11yQM=",
            "dev": true,
            "requires": {
                "minimist": "0.0.8"
            }
        },
        "mocha": {
            "version": "5.0.4",
            "resolved": "https://registry.npmjs.org/mocha/-/mocha-5.0.4.tgz",
            "integrity": "sha512-nMOpAPFosU1B4Ix1jdhx5e3q7XO55ic5a8cgYvW27CequcEY+BabS0kUVL1Cw1V5PuVHZWeNRWFLmEPexo79VA==",
            "dev": true,
            "requires": {
                "browser-stdout": "1.3.1",
                "commander": "2.11.0",
                "debug": "3.1.0",
                "diff": "3.5.0",
                "escape-string-regexp": "1.0.5",
                "glob": "7.1.2",
                "growl": "1.10.3",
                "he": "1.1.1",
                "mkdirp": "0.5.1",
                "supports-color": "4.4.0"
            }
        },
        "ms": {
            "version": "2.0.0",
            "resolved": "https://registry.npmjs.org/ms/-/ms-2.0.0.tgz",
            "integrity": "sha1-VgiurfwAvmwpAd9fmGF4jeDVl8g="
        },
        "object-assign": {
            "version": "4.1.1",
            "resolved": "https://registry.npmjs.org/object-assign/-/object-assign-4.1.1.tgz",
            "integrity": "sha1-IQmtx5ZYh8/AXLvUQsrIv7s2CGM="
        },
        "once": {
            "version": "1.4.0",
            "resolved": "https://registry.npmjs.org/once/-/once-1.4.0.tgz",
            "integrity": "sha1-WDsap3WWHUsROsF9nFC6753Xa9E=",
            "dev": true,
            "requires": {
                "wrappy": "1"
            }
        },
        "path-is-absolute": {
            "version": "1.0.1",
            "resolved": "https://registry.npmjs.org/path-is-absolute/-/path-is-absolute-1.0.1.tgz",
            "integrity": "sha1-F0uSaHNVNP+8es5r9TpanhtcX18=",
            "dev": true
        },
        "path-parse": {
            "version": "1.0.6",
            "resolved": "https://registry.npmjs.org/path-parse/-/path-parse-1.0.6.tgz",
            "integrity": "sha512-GSmOT2EbHrINBf9SR7CDELwlJ8AENk3Qn7OikK4nFYAu3Ote2+JYNVvkpAEQm3/TLNEJFD/xZJjzyxg3KBWOzw=="
        },
        "pathval": {
            "version": "1.1.0",
            "resolved": "https://registry.npmjs.org/pathval/-/pathval-1.1.0.tgz",
            "integrity": "sha1-uULm1L3mUwBe9rcTYd74cn0GReA=",
            "dev": true
        },
        "regenerator-runtime": {
            "version": "0.11.1",
            "resolved": "https://registry.npmjs.org/regenerator-runtime/-/regenerator-runtime-0.11.1.tgz",
            "integrity": "sha512-MguG95oij0fC3QV3URf4V2SDYGJhJnJGqvIIgdECeODCT98wSWDAJ94SSuVpYQUoTcGUIL6L4yNB7j1DFFHSBg=="
        },
        "resolve": {
            "version": "1.11.0",
            "resolved": "https://registry.npmjs.org/resolve/-/resolve-1.11.0.tgz",
            "integrity": "sha512-WL2pBDjqT6pGUNSUzMw00o4T7If+z4H2x3Gz893WoUQ5KW8Vr9txp00ykiP16VBaZF5+j/OcXJHZ9+PCvdiDKw==",
            "requires": {
                "path-parse": "^1.0.6"
            }
        },
        "rollup": {
            "version": "0.56.5",
            "resolved": "https://registry.npmjs.org/rollup/-/rollup-0.56.5.tgz",
            "integrity": "sha512-IGPk5vdWrsc4vkiW9XMeXr5QMtxmvATTttTi59w2jBQWe9G/MMQtn8teIBAj+DdK51TrpVT6P0aQUaQUlUYCJA=="
        },
        "rollup-plugin-babel": {
            "version": "4.3.2",
            "resolved": "https://registry.npmjs.org/rollup-plugin-babel/-/rollup-plugin-babel-4.3.2.tgz",
            "integrity": "sha512-KfnizE258L/4enADKX61ozfwGHoqYauvoofghFJBhFnpH9Sb9dNPpWg8QHOaAfVASUYV8w0mCx430i9z0LJoJg==",
            "requires": {
                "@babel/helper-module-imports": "^7.0.0",
                "rollup-pluginutils": "^2.3.0"
            },
            "dependencies": {
                "estree-walker": {
                    "version": "0.6.1",
                    "resolved": "https://registry.npmjs.org/estree-walker/-/estree-walker-0.6.1.tgz",
                    "integrity": "sha512-SqmZANLWS0mnatqbSfRP5g8OXZC12Fgg1IwNtLsyHDzJizORW4khDfjPqJZsemPWBB2uqykUah5YpQ6epsqC/w=="
                },
                "rollup-pluginutils": {
                    "version": "2.8.1",
                    "resolved": "https://registry.npmjs.org/rollup-pluginutils/-/rollup-pluginutils-2.8.1.tgz",
                    "integrity": "sha512-J5oAoysWar6GuZo0s+3bZ6sVZAC0pfqKz68De7ZgDi5z63jOVZn1uJL/+z1jeKHNbGII8kAyHF5q8LnxSX5lQg==",
                    "requires": {
                        "estree-walker": "^0.6.1"
                    }
                }
            }
        },
        "rollup-plugin-typescript": {
            "version": "0.8.1",
            "resolved": "https://registry.npmjs.org/rollup-plugin-typescript/-/rollup-plugin-typescript-0.8.1.tgz",
            "integrity": "sha1-L/fuzCHPa7K0P8J+W2iJUs5xkko=",
            "requires": {
                "compare-versions": "2.0.1",
                "object-assign": "^4.0.1",
                "rollup-pluginutils": "^1.3.1",
                "tippex": "^2.1.1",
                "typescript": "^1.8.9"
            },
            "dependencies": {
                "typescript": {
                    "version": "1.8.10",
                    "resolved": "https://registry.npmjs.org/typescript/-/typescript-1.8.10.tgz",
                    "integrity": "sha1-tHXW4N/wv1DyluXKbvn7tccyDx4="
                }
            }
        },
        "rollup-plugin-uglify": {
            "version": "3.0.0",
            "resolved": "https://registry.npmjs.org/rollup-plugin-uglify/-/rollup-plugin-uglify-3.0.0.tgz",
            "integrity": "sha512-dehLu9eRRoV4l09aC+ySntRw1OAfoyKdbk8Nelblj03tHoynkSybqyEpgavemi1LBOH6S1vzI58/mpxkZIe1iQ==",
            "requires": {
                "uglify-es": "^3.3.7"
            }
        },
        "rollup-pluginutils": {
            "version": "1.5.2",
            "resolved": "https://registry.npmjs.org/rollup-pluginutils/-/rollup-pluginutils-1.5.2.tgz",
            "integrity": "sha1-HhVud4+UtyVb+hs9AXi+j1xVJAg=",
            "requires": {
                "estree-walker": "^0.2.1",
                "minimatch": "^3.0.2"
            }
        },
        "safe-buffer": {
            "version": "5.1.2",
            "resolved": "https://registry.npmjs.org/safe-buffer/-/safe-buffer-5.1.2.tgz",
            "integrity": "sha512-Gd2UZBJDkXlY7GbJxfsE8/nvKkUEU1G38c1siN6QP6a9PT9MmHB8GnpscSmMJSoF8LOIrt8ud/wPtojys4G6+g=="
        },
        "semver": {
            "version": "5.7.0",
            "resolved": "https://registry.npmjs.org/semver/-/semver-5.7.0.tgz",
            "integrity": "sha512-Ya52jSX2u7QKghxeoFGpLwCtGlt7j0oY9DYb5apt9nPlJ42ID+ulTXESnt/qAQcoSERyZ5sl3LDIOw0nAn/5DA=="
        },
        "source-map": {
            "version": "0.7.2",
            "resolved": "https://registry.npmjs.org/source-map/-/source-map-0.7.2.tgz",
            "integrity": "sha512-NDJB/R2BS7YJG0tP9SbE4DKwKj1idLT5RJqfVYZ7dreFX7wulZT3xxVhbYKrQo9n0JkRptl51TrX/5VK3HodMA==",
            "dev": true
        },
        "strip-ansi": {
            "version": "3.0.1",
            "resolved": "https://registry.npmjs.org/strip-ansi/-/strip-ansi-3.0.1.tgz",
            "integrity": "sha1-ajhfuIU9lS1f8F0Oiq+UJ43GPc8=",
            "requires": {
                "ansi-regex": "^2.0.0"
            }
        },
        "supports-color": {
            "version": "4.4.0",
            "resolved": "https://registry.npmjs.org/supports-color/-/supports-color-4.4.0.tgz",
            "integrity": "sha512-rKC3+DyXWgK0ZLKwmRsrkyHVZAjNkfzeehuFWdGGcqGDTZFH73+RH6S/RDAAxl9GusSjZSUWYLmT9N5pzXFOXQ==",
            "dev": true,
            "requires": {
                "has-flag": "^2.0.0"
            }
        },
        "tippex": {
            "version": "2.3.1",
            "resolved": "https://registry.npmjs.org/tippex/-/tippex-2.3.1.tgz",
            "integrity": "sha1-ov1bcIfXy/sgyYBqbBYQjCwPr9o="
        },
        "to-fast-properties": {
            "version": "2.0.0",
            "resolved": "https://registry.npmjs.org/to-fast-properties/-/to-fast-properties-2.0.0.tgz",
            "integrity": "sha1-3F5pjL0HkmW8c+A3doGk5Og/YW4="
        },
        "trim-right": {
            "version": "1.0.1",
            "resolved": "https://registry.npmjs.org/trim-right/-/trim-right-1.0.1.tgz",
            "integrity": "sha1-yy4SAwZ+DI3h9hQJS5/kVwTqYAM="
        },
        "tslib": {
            "version": "1.9.0",
            "resolved": "https://registry.npmjs.org/tslib/-/tslib-1.9.0.tgz",
            "integrity": "sha512-f/qGG2tUkrISBlQZEjEqoZ3B2+npJjIf04H1wuAv9iA8i04Icp+61KRXxFdha22670NJopsZCIjhC3SnjPRKrQ=="
        },
        "type-detect": {
            "version": "4.0.8",
            "resolved": "https://registry.npmjs.org/type-detect/-/type-detect-4.0.8.tgz",
            "integrity": "sha512-0fr/mIH1dlO+x7TlcMy+bIDqKPsw/70tVyeHW787goQjhmqaZe10uwLujubK9q9Lg6Fiho1KUKDYz0Z7k7g5/g==",
            "dev": true
        },
        "typescript": {
            "version": "2.7.2",
            "resolved": "https://registry.npmjs.org/typescript/-/typescript-2.7.2.tgz",
            "integrity": "sha512-p5TCYZDAO0m4G344hD+wx/LATebLWZNkkh2asWUFqSsD2OrDNhbAHuSjobrmsUmdzjJjEeZVU9g1h3O6vpstnw==",
            "dev": true
        },
        "uglify-es": {
            "version": "3.3.9",
            "resolved": "https://registry.npmjs.org/uglify-es/-/uglify-es-3.3.9.tgz",
            "integrity": "sha512-r+MU0rfv4L/0eeW3xZrd16t4NZfK8Ld4SWVglYBb7ez5uXFWHuVRs6xCTrf1yirs9a4j4Y27nn7SRfO6v67XsQ==",
            "requires": {
                "commander": "~2.13.0",
                "source-map": "~0.6.1"
            },
            "dependencies": {
                "commander": {
                    "version": "2.13.0",
                    "resolved": "https://registry.npmjs.org/commander/-/commander-2.13.0.tgz",
                    "integrity": "sha512-MVuS359B+YzaWqjCL/c+22gfryv+mCBPHAv3zyVI2GN8EY6IRP8VwtasXn8jyyhvvq84R4ImN1OKRtcbIasjYA=="
                },
                "source-map": {
                    "version": "0.6.1",
                    "resolved": "https://registry.npmjs.org/source-map/-/source-map-0.6.1.tgz",
                    "integrity": "sha512-UjgapumWlbMhkBgzT7Ykc5YXUT46F0iKu8SGXq0bcwP5dz/h0Plj6enJqjz1Zbq2l5WaqYnrVbwWOWMyF3F47g=="
                }
            }
        },
        "vamtiger-argv": {
            "version": "1.2.3",
            "resolved": "https://registry.npmjs.org/vamtiger-argv/-/vamtiger-argv-1.2.3.tgz",
            "integrity": "sha512-IxQrgssVU6Q4M1pPaYu8upN7ZiXymIhXFW2tHLGVqe6MlIEFgurlwsDHhwRWu33IwftjvCo73i4Jed60MeXS+Q==",
            "requires": {
                "vamtiger-regex-leading-dash": "^1.0.10",
                "xregexp": "^3.2.0"
            }
        },
        "vamtiger-bash": {
            "version": "0.0.16",
            "resolved": "https://registry.npmjs.org/vamtiger-bash/-/vamtiger-bash-0.0.16.tgz",
            "integrity": "sha512-M6OI2wrGvL7S781leeNcZY7Vg4GM41vyGm/JjXALk/Gba+dTK5FN7Ng4o3vVcn2A2lBQf5sqjYKpjG9tig02jw==",
            "dev": true
        },
        "vamtiger-copy-file": {
            "version": "0.0.9",
            "resolved": "https://registry.npmjs.org/vamtiger-copy-file/-/vamtiger-copy-file-0.0.9.tgz",
            "integrity": "sha512-JhIxGwdLr5ElpTEZjCev38i2lyDcgL9x6YmwsF9myQPlQrKQoy19R3Jj/1Yme+9I0kXUiqjHFkToWjFtYhwPEw=="
        },
        "vamtiger-create-file": {
            "version": "0.0.7",
            "resolved": "https://registry.npmjs.org/vamtiger-create-file/-/vamtiger-create-file-0.0.7.tgz",
            "integrity": "sha512-YikTC8Fv4+w8nMZSFFatg6q+7GWGYSaMeOhfkJVVFMNqEXQHdb7a+E22D/5Y2M9tPOmXLxG5tvykThbCaxRMuQ=="
        },
        "vamtiger-get-file-data": {
            "version": "0.0.4",
            "resolved": "https://registry.npmjs.org/vamtiger-get-file-data/-/vamtiger-get-file-data-0.0.4.tgz",
            "integrity": "sha512-YXNdikWuiDa61g4IDUq4qQbc+9RkcVgsN/YH5Zad5eb0V6wa/Z4DtDppOR/Jhe7lYShf1y2eLF/ZiwGurNPfcg==",
            "dev": true
        },
        "vamtiger-get-file-text": {
            "version": "0.0.6",
            "resolved": "https://registry.npmjs.org/vamtiger-get-file-text/-/vamtiger-get-file-text-0.0.6.tgz",
            "integrity": "sha512-BGXcaXFYrJGq3C3mIhauqAQvexa1Is5ohP/bu/V6WDMYLnM7jTn9BVdd1cs6OAEhJWX1Jn4EAff5tjvdQ9pRZw==",
            "requires": {
                "vamtiger-get-file-data": "^0.0.8"
            },
            "dependencies": {
                "vamtiger-get-file-data": {
                    "version": "0.0.8",
                    "resolved": "https://registry.npmjs.org/vamtiger-get-file-data/-/vamtiger-get-file-data-0.0.8.tgz",
                    "integrity": "sha512-Pm8fxD/cW6VraQ/cUU9iGQkoXY96tieP/7RgLKBap4AbCO5Yy446XzMqlLD31zVoyZmFuCVS5IuL+pich7demQ==",
                    "requires": {
                        "bluebird": "^3.5.1"
                    }
                }
            }
        },
        "vamtiger-node-typescript-commit": {
            "version": "0.0.51",
            "resolved": "https://registry.npmjs.org/vamtiger-node-typescript-commit/-/vamtiger-node-typescript-commit-0.0.51.tgz",
            "integrity": "sha512-ixsBSRKSzd2b0IAWPsaQl7re8nFbPLBAEpJrRysbTdrj6/ksOSHZ4cxjp5WOD2xQ9RdKE7FGMIUbqd/sTefXoQ==",
            "dev": true,
            "requires": {
                "bluebird": "^3.5.1",
                "vamtiger-argv": "^1.2.1",
                "vamtiger-bash": "^0.0.11",
                "xregexp": "^3.2.0"
            },
            "dependencies": {
                "vamtiger-bash": {
                    "version": "0.0.11",
                    "resolved": "https://registry.npmjs.org/vamtiger-bash/-/vamtiger-bash-0.0.11.tgz",
                    "integrity": "sha512-zGgno0W8vZCw+PgCmKH2XSXzgRqmmmqNZr+XfhmOPAUcTzBh3dtdDahlTN91ETaKsbiBzIdj8tjExz77kscw0w==",
                    "dev": true,
                    "requires": {
                        "bluebird": "^3.5.1"
                    }
                }
            }
        },
        "vamtiger-regex-leading-dash": {
            "version": "1.0.10",
            "resolved": "https://registry.npmjs.org/vamtiger-regex-leading-dash/-/vamtiger-regex-leading-dash-1.0.10.tgz",
            "integrity": "sha512-eVwcMNVVUM4AXjt8BGen2V9gnu8ceCiB+vF9i3ar6OIIm3Ql4mhS/rr50xJYB4yfteRsL9UsXYRJWqUbZGOqeQ==",
            "requires": {
                "xregexp": "^3.2.0"
            }
        },
        "vlq": {
            "version": "0.2.3",
            "resolved": "https://registry.npmjs.org/vlq/-/vlq-0.2.3.tgz",
            "integrity": "sha512-DRibZL6DsNhIgYQ+wNdWDL2SL3bKPlVrRiBqV5yuMm++op8W4kGFtaQfCs4KEJn0wBZcHVHJ3eoywX8983k1ow==",
            "dev": true
        },
        "wrappy": {
            "version": "1.0.2",
            "resolved": "https://registry.npmjs.org/wrappy/-/wrappy-1.0.2.tgz",
            "integrity": "sha1-tSQ9jz7BqjXxNkYFvA0QNuMKtp8=",
            "dev": true
        },
        "xregexp": {
            "version": "3.2.0",
            "resolved": "https://registry.npmjs.org/xregexp/-/xregexp-3.2.0.tgz",
            "integrity": "sha1-yzYBmHv+JpW1hAAMGPHEqMMih44="
        }
    }
}
